// !$*UTF8*$!
{
	archiveVersion = 1;
	classes = {
	};
	objectVersion = 55;
	objects = {

/* Begin PBXBuildFile section */
		8E0581B22A428C25006D1FDB /* ReposTestApp.swift in Sources */ = {isa = PBXBuildFile; fileRef = 8E0581B12A428C25006D1FDB /* ReposTestApp.swift */; };
		8E0581B42A428C25006D1FDB /* UsersView.swift in Sources */ = {isa = PBXBuildFile; fileRef = 8E0581B32A428C25006D1FDB /* UsersView.swift */; };
		8E0581B62A428C2A006D1FDB /* Assets.xcassets in Resources */ = {isa = PBXBuildFile; fileRef = 8E0581B52A428C2A006D1FDB /* Assets.xcassets */; };
		8E0581B92A428C2A006D1FDB /* Preview Assets.xcassets in Resources */ = {isa = PBXBuildFile; fileRef = 8E0581B82A428C2A006D1FDB /* Preview Assets.xcassets */; };
		8E0581C42A428F64006D1FDB /* User.swift in Sources */ = {isa = PBXBuildFile; fileRef = 8E0581C32A428F64006D1FDB /* User.swift */; };
		8E0581C62A428F73006D1FDB /* Repo.swift in Sources */ = {isa = PBXBuildFile; fileRef = 8E0581C52A428F73006D1FDB /* Repo.swift */; };
		8E0581C82A428F92006D1FDB /* UserViewModel.swift in Sources */ = {isa = PBXBuildFile; fileRef = 8E0581C72A428F92006D1FDB /* UserViewModel.swift */; };
		8E0581CA2A428FE7006D1FDB /* APIService.swift in Sources */ = {isa = PBXBuildFile; fileRef = 8E0581C92A428FE7006D1FDB /* APIService.swift */; };
		8E0581CD2A42902E006D1FDB /* Alamofire in Frameworks */ = {isa = PBXBuildFile; productRef = 8E0581CC2A42902E006D1FDB /* Alamofire */; };
		8E0581CF2A42906E006D1FDB /* RepoViewModel.swift in Sources */ = {isa = PBXBuildFile; fileRef = 8E0581CE2A42906E006D1FDB /* RepoViewModel.swift */; };
		8E0581D32A42909B006D1FDB /* ReposView.swift in Sources */ = {isa = PBXBuildFile; fileRef = 8E0581D22A42909B006D1FDB /* ReposView.swift */; };
		8EF59E412A44AF4900DD24A9 /* SQLite in Frameworks */ = {isa = PBXBuildFile; productRef = 8EF59E402A44AF4900DD24A9 /* SQLite */; };
		8EF59E442A44B06F00DD24A9 /* DBManager.swift in Sources */ = {isa = PBXBuildFile; fileRef = 8EF59E432A44B06F00DD24A9 /* DBManager.swift */; };
		8EF59E482A45099D00DD24A9 /* AvatarView.swift in Sources */ = {isa = PBXBuildFile; fileRef = 8EF59E472A45099D00DD24A9 /* AvatarView.swift */; };
		8EF59E4A2A45247B00DD24A9 /* NetworkManager.swift in Sources */ = {isa = PBXBuildFile; fileRef = 8EF59E492A45247B00DD24A9 /* NetworkManager.swift */; };
/* End PBXBuildFile section */

/* Begin PBXFileReference section */
		8E0581AE2A428C25006D1FDB /* ReposTest.app */ = {isa = PBXFileReference; explicitFileType = wrapper.application; includeInIndex = 0; path = ReposTest.app; sourceTree = BUILT_PRODUCTS_DIR; };
		8E0581B12A428C25006D1FDB /* ReposTestApp.swift */ = {isa = PBXFileReference; lastKnownFileType = sourcecode.swift; path = ReposTestApp.swift; sourceTree = "<group>"; };
		8E0581B32A428C25006D1FDB /* UsersView.swift */ = {isa = PBXFileReference; lastKnownFileType = sourcecode.swift; path = UsersView.swift; sourceTree = "<group>"; };
		8E0581B52A428C2A006D1FDB /* Assets.xcassets */ = {isa = PBXFileReference; lastKnownFileType = folder.assetcatalog; path = Assets.xcassets; sourceTree = "<group>"; };
		8E0581B82A428C2A006D1FDB /* Preview Assets.xcassets */ = {isa = PBXFileReference; lastKnownFileType = folder.assetcatalog; path = "Preview Assets.xcassets"; sourceTree = "<group>"; };
		8E0581C32A428F64006D1FDB /* User.swift */ = {isa = PBXFileReference; lastKnownFileType = sourcecode.swift; path = User.swift; sourceTree = "<group>"; };
		8E0581C52A428F73006D1FDB /* Repo.swift */ = {isa = PBXFileReference; lastKnownFileType = sourcecode.swift; path = Repo.swift; sourceTree = "<group>"; };
		8E0581C72A428F92006D1FDB /* UserViewModel.swift */ = {isa = PBXFileReference; lastKnownFileType = sourcecode.swift; path = UserViewModel.swift; sourceTree = "<group>"; };
		8E0581C92A428FE7006D1FDB /* APIService.swift */ = {isa = PBXFileReference; lastKnownFileType = sourcecode.swift; path = APIService.swift; sourceTree = "<group>"; };
		8E0581CE2A42906E006D1FDB /* RepoViewModel.swift */ = {isa = PBXFileReference; lastKnownFileType = sourcecode.swift; path = RepoViewModel.swift; sourceTree = "<group>"; };
		8E0581D22A42909B006D1FDB /* ReposView.swift */ = {isa = PBXFileReference; lastKnownFileType = sourcecode.swift; path = ReposView.swift; sourceTree = "<group>"; };
		8EF59E432A44B06F00DD24A9 /* DBManager.swift */ = {isa = PBXFileReference; lastKnownFileType = sourcecode.swift; path = DBManager.swift; sourceTree = "<group>"; };
		8EF59E472A45099D00DD24A9 /* AvatarView.swift */ = {isa = PBXFileReference; lastKnownFileType = sourcecode.swift; path = AvatarView.swift; sourceTree = "<group>"; };
		8EF59E492A45247B00DD24A9 /* NetworkManager.swift */ = {isa = PBXFileReference; lastKnownFileType = sourcecode.swift; path = NetworkManager.swift; sourceTree = "<group>"; };
/* End PBXFileReference section */

/* Begin PBXFrameworksBuildPhase section */
		8E0581AB2A428C25006D1FDB /* Frameworks */ = {
			isa = PBXFrameworksBuildPhase;
			buildActionMask = 2147483647;
			files = (
				8EF59E412A44AF4900DD24A9 /* SQLite in Frameworks */,
				8E0581CD2A42902E006D1FDB /* Alamofire in Frameworks */,
			);
			runOnlyForDeploymentPostprocessing = 0;
		};
/* End PBXFrameworksBuildPhase section */

/* Begin PBXGroup section */
		8E0581A52A428C25006D1FDB = {
			isa = PBXGroup;
			children = (
				8E0581B02A428C25006D1FDB /* ReposTest */,
				8E0581AF2A428C25006D1FDB /* Products */,
			);
			sourceTree = "<group>";
		};
		8E0581AF2A428C25006D1FDB /* Products */ = {
			isa = PBXGroup;
			children = (
				8E0581AE2A428C25006D1FDB /* ReposTest.app */,
			);
			name = Products;
			sourceTree = "<group>";
		};
		8E0581B02A428C25006D1FDB /* ReposTest */ = {
			isa = PBXGroup;
			children = (
				8E0581C22A428CD6006D1FDB /* Data */,
				8E0581C02A428C70006D1FDB /* Infrastructure */,
				8E0581BF2A428C3A006D1FDB /* Presentation */,
				8E0581B72A428C2A006D1FDB /* Preview Content */,
				8E0581C12A428C84006D1FDB /* Resources */,
			);
			path = ReposTest;
			sourceTree = "<group>";
		};
		8E0581B72A428C2A006D1FDB /* Preview Content */ = {
			isa = PBXGroup;
			children = (
				8E0581B82A428C2A006D1FDB /* Preview Assets.xcassets */,
				8E0581B12A428C25006D1FDB /* ReposTestApp.swift */,
			);
			path = "Preview Content";
			sourceTree = "<group>";
		};
		8E0581BF2A428C3A006D1FDB /* Presentation */ = {
			isa = PBXGroup;
			children = (
				8E0581D12A429082006D1FDB /* Repos */,
				8E0581D02A42907C006D1FDB /* Users */,
			);
			path = Presentation;
			sourceTree = "<group>";
		};
		8E0581C02A428C70006D1FDB /* Infrastructure */ = {
			isa = PBXGroup;
			children = (
				8E0581C92A428FE7006D1FDB /* APIService.swift */,
				8EF59E432A44B06F00DD24A9 /* DBManager.swift */,
				8EF59E492A45247B00DD24A9 /* NetworkManager.swift */,
			);
			path = Infrastructure;
			sourceTree = "<group>";
		};
		8E0581C12A428C84006D1FDB /* Resources */ = {
			isa = PBXGroup;
			children = (
				8E0581B52A428C2A006D1FDB /* Assets.xcassets */,
			);
			path = Resources;
			sourceTree = "<group>";
		};
		8E0581C22A428CD6006D1FDB /* Data */ = {
			isa = PBXGroup;
			children = (
				8E0581C52A428F73006D1FDB /* Repo.swift */,
				8E0581C32A428F64006D1FDB /* User.swift */,
			);
			path = Data;
			sourceTree = "<group>";
		};
		8E0581D02A42907C006D1FDB /* Users */ = {
			isa = PBXGroup;
			children = (
				8E0581B32A428C25006D1FDB /* UsersView.swift */,
				8EF59E472A45099D00DD24A9 /* AvatarView.swift */,
				8E0581C72A428F92006D1FDB /* UserViewModel.swift */,
			);
			path = Users;
			sourceTree = "<group>";
		};
		8E0581D12A429082006D1FDB /* Repos */ = {
			isa = PBXGroup;
			children = (
				8E0581D22A42909B006D1FDB /* ReposView.swift */,
				8E0581CE2A42906E006D1FDB /* RepoViewModel.swift */,
			);
			path = Repos;
			sourceTree = "<group>";
		};
/* End PBXGroup section */

/* Begin PBXNativeTarget section */
		8E0581AD2A428C25006D1FDB /* ReposTest */ = {
			isa = PBXNativeTarget;
			buildConfigurationList = 8E0581BC2A428C2A006D1FDB /* Build configuration list for PBXNativeTarget "ReposTest" */;
			buildPhases = (
				8E0581AA2A428C25006D1FDB /* Sources */,
				8E0581AB2A428C25006D1FDB /* Frameworks */,
				8E0581AC2A428C25006D1FDB /* Resources */,
			);
			buildRules = (
			);
			dependencies = (
			);
			name = ReposTest;
			packageProductDependencies = (
				8E0581CC2A42902E006D1FDB /* Alamofire */,
				8EF59E402A44AF4900DD24A9 /* SQLite */,
			);
			productName = ReposTest;
			productReference = 8E0581AE2A428C25006D1FDB /* ReposTest.app */;
			productType = "com.apple.product-type.application";
		};
/* End PBXNativeTarget section */

/* Begin PBXProject section */
		8E0581A62A428C25006D1FDB /* Project object */ = {
			isa = PBXProject;
			attributes = {
				BuildIndependentTargetsInParallel = 1;
				LastSwiftUpdateCheck = 1340;
				LastUpgradeCheck = 1340;
				TargetAttributes = {
					8E0581AD2A428C25006D1FDB = {
						CreatedOnToolsVersion = 13.4.1;
					};
				};
			};
			buildConfigurationList = 8E0581A92A428C25006D1FDB /* Build configuration list for PBXProject "ReposTest" */;
			compatibilityVersion = "Xcode 13.0";
			developmentRegion = en;
			hasScannedForEncodings = 0;
			knownRegions = (
				en,
				Base,
			);
			mainGroup = 8E0581A52A428C25006D1FDB;
			packageReferences = (
				8E0581CB2A42902E006D1FDB /* XCRemoteSwiftPackageReference "Alamofire" */,
				8EF59E3F2A44AF4900DD24A9 /* XCRemoteSwiftPackageReference "SQLite.swift" */,
			);
			productRefGroup = 8E0581AF2A428C25006D1FDB /* Products */;
			projectDirPath = "";
			projectRoot = "";
			targets = (
				8E0581AD2A428C25006D1FDB /* ReposTest */,
			);
		};
/* End PBXProject section */

/* Begin PBXResourcesBuildPhase section */
		8E0581AC2A428C25006D1FDB /* Resources */ = {
			isa = PBXResourcesBuildPhase;
			buildActionMask = 2147483647;
			files = (
				8E0581B92A428C2A006D1FDB /* Preview Assets.xcassets in Resources */,
				8E0581B62A428C2A006D1FDB /* Assets.xcassets in Resources */,
			);
			runOnlyForDeploymentPostprocessing = 0;
		};
/* End PBXResourcesBuildPhase section */

/* Begin PBXSourcesBuildPhase section */
		8E0581AA2A428C25006D1FDB /* Sources */ = {
			isa = PBXSourcesBuildPhase;
			buildActionMask = 2147483647;
			files = (
				8E0581B42A428C25006D1FDB /* UsersView.swift in Sources */,
				8E0581C62A428F73006D1FDB /* Repo.swift in Sources */,
				8E0581CF2A42906E006D1FDB /* RepoViewModel.swift in Sources */,
				8EF59E482A45099D00DD24A9 /* AvatarView.swift in Sources */,
				8EF59E4A2A45247B00DD24A9 /* NetworkManager.swift in Sources */,
				8E0581C42A428F64006D1FDB /* User.swift in Sources */,
				8EF59E442A44B06F00DD24A9 /* DBManager.swift in Sources */,
				8E0581CA2A428FE7006D1FDB /* APIService.swift in Sources */,
				8E0581C82A428F92006D1FDB /* UserViewModel.swift in Sources */,
				8E0581D32A42909B006D1FDB /* ReposView.swift in Sources */,
				8E0581B22A428C25006D1FDB /* ReposTestApp.swift in Sources */,
			);
			runOnlyForDeploymentPostprocessing = 0;
		};
/* End PBXSourcesBuildPhase section */

/* Begin XCBuildConfiguration section */
		8E0581BA2A428C2A006D1FDB /* Debug */ = {
			isa = XCBuildConfiguration;
			buildSettings = {
				ALWAYS_SEARCH_USER_PATHS = NO;
				CLANG_ANALYZER_NONNULL = YES;
				CLANG_ANALYZER_NUMBER_OBJECT_CONVERSION = YES_AGGRESSIVE;
				CLANG_CXX_LANGUAGE_STANDARD = "gnu++17";
				CLANG_ENABLE_MODULES = YES;
				CLANG_ENABLE_OBJC_ARC = YES;
				CLANG_ENABLE_OBJC_WEAK = YES;
				CLANG_WARN_BLOCK_CAPTURE_AUTORELEASING = YES;
				CLANG_WARN_BOOL_CONVERSION = YES;
				CLANG_WARN_COMMA = YES;
				CLANG_WARN_CONSTANT_CONVERSION = YES;
				CLANG_WARN_DEPRECATED_OBJC_IMPLEMENTATIONS = YES;
				CLANG_WARN_DIRECT_OBJC_ISA_USAGE = YES_ERROR;
				CLANG_WARN_DOCUMENTATION_COMMENTS = YES;
				CLANG_WARN_EMPTY_BODY = YES;
				CLANG_WARN_ENUM_CONVERSION = YES;
				CLANG_WARN_INFINITE_RECURSION = YES;
				CLANG_WARN_INT_CONVERSION = YES;
				CLANG_WARN_NON_LITERAL_NULL_CONVERSION = YES;
				CLANG_WARN_OBJC_IMPLICIT_RETAIN_SELF = YES;
				CLANG_WARN_OBJC_LITERAL_CONVERSION = YES;
				CLANG_WARN_OBJC_ROOT_CLASS = YES_ERROR;
				CLANG_WARN_QUOTED_INCLUDE_IN_FRAMEWORK_HEADER = YES;
				CLANG_WARN_RANGE_LOOP_ANALYSIS = YES;
				CLANG_WARN_STRICT_PROTOTYPES = YES;
				CLANG_WARN_SUSPICIOUS_MOVE = YES;
				CLANG_WARN_UNGUARDED_AVAILABILITY = YES_AGGRESSIVE;
				CLANG_WARN_UNREACHABLE_CODE = YES;
				CLANG_WARN__DUPLICATE_METHOD_MATCH = YES;
				COPY_PHASE_STRIP = NO;
				DEBUG_INFORMATION_FORMAT = dwarf;
				ENABLE_STRICT_OBJC_MSGSEND = YES;
				ENABLE_TESTABILITY = YES;
				GCC_C_LANGUAGE_STANDARD = gnu11;
				GCC_DYNAMIC_NO_PIC = NO;
				GCC_NO_COMMON_BLOCKS = YES;
				GCC_OPTIMIZATION_LEVEL = 0;
				GCC_PREPROCESSOR_DEFINITIONS = (
					"DEBUG=1",
					"$(inherited)",
				);
				GCC_WARN_64_TO_32_BIT_CONVERSION = YES;
				GCC_WARN_ABOUT_RETURN_TYPE = YES_ERROR;
				GCC_WARN_UNDECLARED_SELECTOR = YES;
				GCC_WARN_UNINITIALIZED_AUTOS = YES_AGGRESSIVE;
				GCC_WARN_UNUSED_FUNCTION = YES;
				GCC_WARN_UNUSED_VARIABLE = YES;
				IPHONEOS_DEPLOYMENT_TARGET = 15.5;
				MTL_ENABLE_DEBUG_INFO = INCLUDE_SOURCE;
				MTL_FAST_MATH = YES;
				ONLY_ACTIVE_ARCH = YES;
				SDKROOT = iphoneos;
				SUPPORTS_MAC_DESIGNED_FOR_IPHONE_IPAD = YES;
				SWIFT_ACTIVE_COMPILATION_CONDITIONS = DEBUG;
				SWIFT_OPTIMIZATION_LEVEL = "-Onone";
			};
			name = Debug;
		};
		8E0581BB2A428C2A006D1FDB /* Release */ = {
			isa = XCBuildConfiguration;
			buildSettings = {
				ALWAYS_SEARCH_USER_PATHS = NO;
				CLANG_ANALYZER_NONNULL = YES;
				CLANG_ANALYZER_NUMBER_OBJECT_CONVERSION = YES_AGGRESSIVE;
				CLANG_CXX_LANGUAGE_STANDARD = "gnu++17";
				CLANG_ENABLE_MODULES = YES;
				CLANG_ENABLE_OBJC_ARC = YES;
				CLANG_ENABLE_OBJC_WEAK = YES;
				CLANG_WARN_BLOCK_CAPTURE_AUTORELEASING = YES;
				CLANG_WARN_BOOL_CONVERSION = YES;
				CLANG_WARN_COMMA = YES;
				CLANG_WARN_CONSTANT_CONVERSION = YES;
				CLANG_WARN_DEPRECATED_OBJC_IMPLEMENTATIONS = YES;
				CLANG_WARN_DIRECT_OBJC_ISA_USAGE = YES_ERROR;
				CLANG_WARN_DOCUMENTATION_COMMENTS = YES;
				CLANG_WARN_EMPTY_BODY = YES;
				CLANG_WARN_ENUM_CONVERSION = YES;
				CLANG_WARN_INFINITE_RECURSION = YES;
				CLANG_WARN_INT_CONVERSION = YES;
				CLANG_WARN_NON_LITERAL_NULL_CONVERSION = YES;
				CLANG_WARN_OBJC_IMPLICIT_RETAIN_SELF = YES;
				CLANG_WARN_OBJC_LITERAL_CONVERSION = YES;
				CLANG_WARN_OBJC_ROOT_CLASS = YES_ERROR;
				CLANG_WARN_QUOTED_INCLUDE_IN_FRAMEWORK_HEADER = YES;
				CLANG_WARN_RANGE_LOOP_ANALYSIS = YES;
				CLANG_WARN_STRICT_PROTOTYPES = YES;
				CLANG_WARN_SUSPICIOUS_MOVE = YES;
				CLANG_WARN_UNGUARDED_AVAILABILITY = YES_AGGRESSIVE;
				CLANG_WARN_UNREACHABLE_CODE = YES;
				CLANG_WARN__DUPLICATE_METHOD_MATCH = YES;
				COPY_PHASE_STRIP = NO;
				DEBUG_INFORMATION_FORMAT = "dwarf-with-dsym";
				ENABLE_NS_ASSERTIONS = NO;
				ENABLE_STRICT_OBJC_MSGSEND = YES;
				GCC_C_LANGUAGE_STANDARD = gnu11;
				GCC_NO_COMMON_BLOCKS = YES;
				GCC_WARN_64_TO_32_BIT_CONVERSION = YES;
				GCC_WARN_ABOUT_RETURN_TYPE = YES_ERROR;
				GCC_WARN_UNDECLARED_SELECTOR = YES;
				GCC_WARN_UNINITIALIZED_AUTOS = YES_AGGRESSIVE;
				GCC_WARN_UNUSED_FUNCTION = YES;
				GCC_WARN_UNUSED_VARIABLE = YES;
				IPHONEOS_DEPLOYMENT_TARGET = 15.5;
				MTL_ENABLE_DEBUG_INFO = NO;
				MTL_FAST_MATH = YES;
				SDKROOT = iphoneos;
				SUPPORTS_MAC_DESIGNED_FOR_IPHONE_IPAD = YES;
				SWIFT_COMPILATION_MODE = wholemodule;
				SWIFT_OPTIMIZATION_LEVEL = "-O";
				VALIDATE_PRODUCT = YES;
			};
			name = Release;
		};
		8E0581BD2A428C2A006D1FDB /* Debug */ = {
			isa = XCBuildConfiguration;
			buildSettings = {
				ASSETCATALOG_COMPILER_APPICON_NAME = AppIcon;
				ASSETCATALOG_COMPILER_GLOBAL_ACCENT_COLOR_NAME = AccentColor;
				CODE_SIGN_STYLE = Automatic;
				CURRENT_PROJECT_VERSION = 1;
				DEVELOPMENT_ASSET_PATHS = "\"ReposTest/Preview Content\"";
				DEVELOPMENT_TEAM = F565QP7QUB;
				ENABLE_PREVIEWS = YES;
				GENERATE_INFOPLIST_FILE = YES;
				INFOPLIST_KEY_UIApplicationSceneManifest_Generation = YES;
				INFOPLIST_KEY_UIApplicationSupportsIndirectInputEvents = YES;
				INFOPLIST_KEY_UILaunchScreen_Generation = YES;
				INFOPLIST_KEY_UISupportedInterfaceOrientations_iPad = "UIInterfaceOrientationPortrait UIInterfaceOrientationPortraitUpsideDown UIInterfaceOrientationLandscapeLeft UIInterfaceOrientationLandscapeRight";
				INFOPLIST_KEY_UISupportedInterfaceOrientations_iPhone = "UIInterfaceOrientationPortrait UIInterfaceOrientationLandscapeLeft UIInterfaceOrientationLandscapeRight";
				IPHONEOS_DEPLOYMENT_TARGET = 15.0;
				LD_RUNPATH_SEARCH_PATHS = (
					"$(inherited)",
					"@executable_path/Frameworks",
				);
				MARKETING_VERSION = 1.0;
				PRODUCT_BUNDLE_IDENTIFIER = com.semenchenko.ReposTest;
				PRODUCT_NAME = "$(TARGET_NAME)";
				SUPPORTS_MAC_DESIGNED_FOR_IPHONE_IPAD = NO;
				SWIFT_EMIT_LOC_STRINGS = YES;
				SWIFT_VERSION = 5.0;
				TARGETED_DEVICE_FAMILY = 1;
			};
			name = Debug;
		};
		8E0581BE2A428C2A006D1FDB /* Release */ = {
			isa = XCBuildConfiguration;
			buildSettings = {
				ASSETCATALOG_COMPILER_APPICON_NAME = AppIcon;
				ASSETCATALOG_COMPILER_GLOBAL_ACCENT_COLOR_NAME = AccentColor;
				CODE_SIGN_STYLE = Automatic;
				CURRENT_PROJECT_VERSION = 1;
				DEVELOPMENT_ASSET_PATHS = "\"ReposTest/Preview Content\"";
				DEVELOPMENT_TEAM = F565QP7QUB;
				ENABLE_PREVIEWS = YES;
				GENERATE_INFOPLIST_FILE = YES;
				INFOPLIST_KEY_UIApplicationSceneManifest_Generation = YES;
				INFOPLIST_KEY_UIApplicationSupportsIndirectInputEvents = YES;
				INFOPLIST_KEY_UILaunchScreen_Generation = YES;
				INFOPLIST_KEY_UISupportedInterfaceOrientations_iPad = "UIInterfaceOrientationPortrait UIInterfaceOrientationPortraitUpsideDown UIInterfaceOrientationLandscapeLeft UIInterfaceOrientationLandscapeRight";
				INFOPLIST_KEY_UISupportedInterfaceOrientations_iPhone = "UIInterfaceOrientationPortrait UIInterfaceOrientationLandscapeLeft UIInterfaceOrientationLandscapeRight";
				IPHONEOS_DEPLOYMENT_TARGET = 15.0;
				LD_RUNPATH_SEARCH_PATHS = (
					"$(inherited)",
					"@executable_path/Frameworks",
				);
				MARKETING_VERSION = 1.0;
				PRODUCT_BUNDLE_IDENTIFIER = com.semenchenko.ReposTest;
				PRODUCT_NAME = "$(TARGET_NAME)";
				SUPPORTS_MAC_DESIGNED_FOR_IPHONE_IPAD = NO;
				SWIFT_EMIT_LOC_STRINGS = YES;
				SWIFT_VERSION = 5.0;
				TARGETED_DEVICE_FAMILY = 1;
			};
			name = Release;
		};
/* End XCBuildConfiguration section */

/* Begin XCConfigurationList section */
		8E0581A92A428C25006D1FDB /* Build configuration list for PBXProject "ReposTest" */ = {
			isa = XCConfigurationList;
			buildConfigurations = (
				8E0581BA2A428C2A006D1FDB /* Debug */,
				8E0581BB2A428C2A006D1FDB /* Release */,
			);
			defaultConfigurationIsVisible = 0;
			defaultConfigurationName = Release;
		};
		8E0581BC2A428C2A006D1FDB /* Build configuration list for PBXNativeTarget "ReposTest" */ = {
			isa = XCConfigurationList;
			buildConfigurations = (
				8E0581BD2A428C2A006D1FDB /* Debug */,
				8E0581BE2A428C2A006D1FDB /* Release */,
			);
			defaultConfigurationIsVisible = 0;
			defaultConfigurationName = Release;
		};
/* End XCConfigurationList section */

/* Begin XCRemoteSwiftPackageReference section */
		8E0581CB2A42902E006D1FDB /* XCRemoteSwiftPackageReference "Alamofire" */ = {
			isa = XCRemoteSwiftPackageReference;
			repositoryURL = "https://github.com/Alamofire/Alamofire";
			requirement = {
				kind = upToNextMajorVersion;
				minimumVersion = 5.0.0;
			};
		};
		8EF59E3F2A44AF4900DD24A9 /* XCRemoteSwiftPackageReference "SQLite.swift" */ = {
			isa = XCRemoteSwiftPackageReference;
			repositoryURL = "https://github.com/stephencelis/SQLite.swift.git";
			requirement = {
				kind = upToNextMajorVersion;
				minimumVersion = 0.9.2;
			};
		};
/* End XCRemoteSwiftPackageReference section */

/* Begin XCSwiftPackageProductDependency section */
		8E0581CC2A42902E006D1FDB /* Alamofire */ = {
			isa = XCSwiftPackageProductDependency;
			package = 8E0581CB2A42902E006D1FDB /* XCRemoteSwiftPackageReference "Alamofire" */;
			productName = Alamofire;
		};
		8EF59E402A44AF4900DD24A9 /* SQLite */ = {
			isa = XCSwiftPackageProductDependency;
			package = 8EF59E3F2A44AF4900DD24A9 /* XCRemoteSwiftPackageReference "SQLite.swift" */;
			productName = SQLite;
		};
/* End XCSwiftPackageProductDependency section */
	};
	rootObject = 8E0581A62A428C25006D1FDB /* Project object */;
}
